// !$*UTF8*$!
{
	archiveVersion = 1;
	classes = {
	};
	objectVersion = 50;
	objects = {

/* Begin PBXBuildFile section */
		842A2FC72BD5C74C0022640D /* SwiftUI_DynamicListApp.swift in Sources */ = {isa = PBXBuildFile; fileRef = 842A2FC62BD5C74C0022640D /* SwiftUI_DynamicListApp.swift */; };
		842A2FC92BD5C74C0022640D /* ContentView.swift in Sources */ = {isa = PBXBuildFile; fileRef = 842A2FC82BD5C74C0022640D /* ContentView.swift */; };
		842A2FCB2BD5C7510022640D /* Assets.xcassets in Resources */ = {isa = PBXBuildFile; fileRef = 842A2FCA2BD5C7510022640D /* Assets.xcassets */; };
		842A2FCE2BD5C7510022640D /* Preview Assets.xcassets in Resources */ = {isa = PBXBuildFile; fileRef = 842A2FCD2BD5C7510022640D /* Preview Assets.xcassets */; };
		842A2FDE2BD5C7A70022640D /* Student.swift in Sources */ = {isa = PBXBuildFile; fileRef = 842A2FDD2BD5C7A70022640D /* Student.swift */; };
		842A2FE12BD5C7C70022640D /* StudentViewModel.swift in Sources */ = {isa = PBXBuildFile; fileRef = 842A2FE02BD5C7C70022640D /* StudentViewModel.swift */; };
		842A2FE42BD5D3F60022640D /* StudentDetail.swift in Sources */ = {isa = PBXBuildFile; fileRef = 842A2FE32BD5D3F60022640D /* StudentDetail.swift */; };
		84AD97512BD6197500FB20ED /* ListView-Practice.swift in Sources */ = {isa = PBXBuildFile; fileRef = 84AD97502BD6197500FB20ED /* ListView-Practice.swift */; };
		84AD97542BD6205300FB20ED /* ListDetailView.swift in Sources */ = {isa = PBXBuildFile; fileRef = 84AD97532BD6205300FB20ED /* ListDetailView.swift */; };
/* End PBXBuildFile section */

/* Begin PBXFileReference section */
		842A2FC32BD5C74C0022640D /* SwiftUI-DynamicList.app */ = {isa = PBXFileReference; explicitFileType = wrapper.application; includeInIndex = 0; path = "SwiftUI-DynamicList.app"; sourceTree = BUILT_PRODUCTS_DIR; };
		842A2FC62BD5C74C0022640D /* SwiftUI_DynamicListApp.swift */ = {isa = PBXFileReference; lastKnownFileType = sourcecode.swift; path = SwiftUI_DynamicListApp.swift; sourceTree = "<group>"; };
		842A2FC82BD5C74C0022640D /* ContentView.swift */ = {isa = PBXFileReference; lastKnownFileType = sourcecode.swift; path = ContentView.swift; sourceTree = "<group>"; };
		842A2FCA2BD5C7510022640D /* Assets.xcassets */ = {isa = PBXFileReference; lastKnownFileType = folder.assetcatalog; path = Assets.xcassets; sourceTree = "<group>"; };
		842A2FCD2BD5C7510022640D /* Preview Assets.xcassets */ = {isa = PBXFileReference; lastKnownFileType = folder.assetcatalog; path = "Preview Assets.xcassets"; sourceTree = "<group>"; };
		842A2FCF2BD5C7510022640D /* Info.plist */ = {isa = PBXFileReference; lastKnownFileType = text.plist.xml; path = Info.plist; sourceTree = "<group>"; };
		842A2FDD2BD5C7A70022640D /* Student.swift */ = {isa = PBXFileReference; lastKnownFileType = sourcecode.swift; path = Student.swift; sourceTree = "<group>"; };
		842A2FE02BD5C7C70022640D /* StudentViewModel.swift */ = {isa = PBXFileReference; lastKnownFileType = sourcecode.swift; path = StudentViewModel.swift; sourceTree = "<group>"; };
		842A2FE32BD5D3F60022640D /* StudentDetail.swift */ = {isa = PBXFileReference; lastKnownFileType = sourcecode.swift; path = StudentDetail.swift; sourceTree = "<group>"; };
		84AD97502BD6197500FB20ED /* ListView-Practice.swift */ = {isa = PBXFileReference; lastKnownFileType = sourcecode.swift; path = "ListView-Practice.swift"; sourceTree = "<group>"; };
		84AD97532BD6205300FB20ED /* ListDetailView.swift */ = {isa = PBXFileReference; lastKnownFileType = sourcecode.swift; path = ListDetailView.swift; sourceTree = "<group>"; };
/* End PBXFileReference section */

/* Begin PBXFrameworksBuildPhase section */
		842A2FC02BD5C74C0022640D /* Frameworks */ = {
			isa = PBXFrameworksBuildPhase;
			buildActionMask = 2147483647;
			files = (
			);
			runOnlyForDeploymentPostprocessing = 0;
		};
/* End PBXFrameworksBuildPhase section */

/* Begin PBXGroup section */
		842A2FBA2BD5C74C0022640D = {
			isa = PBXGroup;
			children = (
				842A2FC52BD5C74C0022640D /* SwiftUI-DynamicList */,
				842A2FC42BD5C74C0022640D /* Products */,
			);
			sourceTree = "<group>";
		};
		842A2FC42BD5C74C0022640D /* Products */ = {
			isa = PBXGroup;
			children = (
				842A2FC32BD5C74C0022640D /* SwiftUI-DynamicList.app */,
			);
			name = Products;
			sourceTree = "<group>";
		};
		842A2FC52BD5C74C0022640D /* SwiftUI-DynamicList */ = {
			isa = PBXGroup;
			children = (
				842A2FD72BD5C76F0022640D /* ViewMode */,
				842A2FD62BD5C7610022640D /* Model */,
				842A2FC62BD5C74C0022640D /* SwiftUI_DynamicListApp.swift */,
				842A2FC82BD5C74C0022640D /* ContentView.swift */,
				842A2FE32BD5D3F60022640D /* StudentDetail.swift */,
				842A2FCA2BD5C7510022640D /* Assets.xcassets */,
				842A2FCF2BD5C7510022640D /* Info.plist */,
				842A2FCC2BD5C7510022640D /* Preview Content */,
				84AD97502BD6197500FB20ED /* ListView-Practice.swift */,
				84AD97532BD6205300FB20ED /* ListDetailView.swift */,
			);
			path = "SwiftUI-DynamicList";
			sourceTree = "<group>";
		};
		842A2FCC2BD5C7510022640D /* Preview Content */ = {
			isa = PBXGroup;
			children = (
				842A2FCD2BD5C7510022640D /* Preview Assets.xcassets */,
			);
			path = "Preview Content";
			sourceTree = "<group>";
		};
		842A2FD62BD5C7610022640D /* Model */ = {
			isa = PBXGroup;
			children = (
				842A2FDD2BD5C7A70022640D /* Student.swift */,
			);
			path = Model;
			sourceTree = "<group>";
		};
		842A2FD72BD5C76F0022640D /* ViewMode */ = {
			isa = PBXGroup;
			children = (
				842A2FE02BD5C7C70022640D /* StudentViewModel.swift */,
			);
			path = ViewMode;
			sourceTree = "<group>";
		};
/* End PBXGroup section */

/* Begin PBXNativeTarget section */
		842A2FC22BD5C74C0022640D /* SwiftUI-DynamicList */ = {
			isa = PBXNativeTarget;
			buildConfigurationList = 842A2FD22BD5C7510022640D /* Build configuration list for PBXNativeTarget "SwiftUI-DynamicList" */;
			buildPhases = (
				842A2FBF2BD5C74C0022640D /* Sources */,
				842A2FC02BD5C74C0022640D /* Frameworks */,
				842A2FC12BD5C74C0022640D /* Resources */,
			);
			buildRules = (
			);
			dependencies = (
			);
			name = "SwiftUI-DynamicList";
			productName = "SwiftUI-DynamicList";
			productReference = 842A2FC32BD5C74C0022640D /* SwiftUI-DynamicList.app */;
			productType = "com.apple.product-type.application";
		};
/* End PBXNativeTarget section */

/* Begin PBXProject section */
		842A2FBB2BD5C74C0022640D /* Project object */ = {
			isa = PBXProject;
			attributes = {
				LastSwiftUpdateCheck = 1230;
				LastUpgradeCheck = 1230;
				TargetAttributes = {
					842A2FC22BD5C74C0022640D = {
						CreatedOnToolsVersion = 12.3;
					};
				};
			};
			buildConfigurationList = 842A2FBE2BD5C74C0022640D /* Build configuration list for PBXProject "SwiftUI-DynamicList" */;
			compatibilityVersion = "Xcode 9.3";
			developmentRegion = en;
			hasScannedForEncodings = 0;
			knownRegions = (
				en,
				Base,
			);
			mainGroup = 842A2FBA2BD5C74C0022640D;
			productRefGroup = 842A2FC42BD5C74C0022640D /* Products */;
			projectDirPath = "";
			projectRoot = "";
			targets = (
				842A2FC22BD5C74C0022640D /* SwiftUI-DynamicList */,
			);
		};
/* End PBXProject section */

/* Begin PBXResourcesBuildPhase section */
		842A2FC12BD5C74C0022640D /* Resources */ = {
			isa = PBXResourcesBuildPhase;
			buildActionMask = 2147483647;
			files = (
				842A2FCE2BD5C7510022640D /* Preview Assets.xcassets in Resources */,
				842A2FCB2BD5C7510022640D /* Assets.xcassets in Resources */,
			);
			runOnlyForDeploymentPostprocessing = 0;
		};
/* End PBXResourcesBuildPhase section */

/* Begin PBXSourcesBuildPhase section */
		842A2FBF2BD5C74C0022640D /* Sources */ = {
			isa = PBXSourcesBuildPhase;
			buildActionMask = 2147483647;
			files = (
				842A2FE12BD5C7C70022640D /* StudentViewModel.swift in Sources */,
				842A2FC92BD5C74C0022640D /* ContentView.swift in Sources */,
				842A2FDE2BD5C7A70022640D /* Student.swift in Sources */,
				842A2FE42BD5D3F60022640D /* StudentDetail.swift in Sources */,
				842A2FC72BD5C74C0022640D /* SwiftUI_DynamicListApp.swift in Sources */,
				84AD97512BD6197500FB20ED /* ListView-Practice.swift in Sources */,
				84AD97542BD6205300FB20ED /* ListDetailView.swift in Sources */,
			);
			runOnlyForDeploymentPostprocessing = 0;
		};
/* End PBXSourcesBuildPhase section */

/* Begin XCBuildConfiguration section */
		842A2FD02BD5C7510022640D /* Debug */ = {
			isa = XCBuildConfiguration;
			buildSettings = {
				ALWAYS_SEARCH_USER_PATHS = NO;
				CLANG_ANALYZER_NONNULL = YES;
				CLANG_ANALYZER_NUMBER_OBJECT_CONVERSION = YES_AGGRESSIVE;
				CLANG_CXX_LANGUAGE_STANDARD = "gnu++14";
				CLANG_CXX_LIBRARY = "libc++";
				CLANG_ENABLE_MODULES = YES;
				CLANG_ENABLE_OBJC_ARC = YES;
				CLANG_ENABLE_OBJC_WEAK = YES;
				CLANG_WARN_BLOCK_CAPTURE_AUTORELEASING = YES;
				CLANG_WARN_BOOL_CONVERSION = YES;
				CLANG_WARN_COMMA = YES;
				CLANG_WARN_CONSTANT_CONVERSION = YES;
				CLANG_WARN_DEPRECATED_OBJC_IMPLEMENTATIONS = YES;
				CLANG_WARN_DIRECT_OBJC_ISA_USAGE = YES_ERROR;
				CLANG_WARN_DOCUMENTATION_COMMENTS = YES;
				CLANG_WARN_EMPTY_BODY = YES;
				CLANG_WARN_ENUM_CONVERSION = YES;
				CLANG_WARN_INFINITE_RECURSION = YES;
				CLANG_WARN_INT_CONVERSION = YES;
				CLANG_WARN_NON_LITERAL_NULL_CONVERSION = YES;
				CLANG_WARN_OBJC_IMPLICIT_RETAIN_SELF = YES;
				CLANG_WARN_OBJC_LITERAL_CONVERSION = YES;
				CLANG_WARN_OBJC_ROOT_CLASS = YES_ERROR;
				CLANG_WARN_QUOTED_INCLUDE_IN_FRAMEWORK_HEADER = YES;
				CLANG_WARN_RANGE_LOOP_ANALYSIS = YES;
				CLANG_WARN_STRICT_PROTOTYPES = YES;
				CLANG_WARN_SUSPICIOUS_MOVE = YES;
				CLANG_WARN_UNGUARDED_AVAILABILITY = YES_AGGRESSIVE;
				CLANG_WARN_UNREACHABLE_CODE = YES;
				CLANG_WARN__DUPLICATE_METHOD_MATCH = YES;
				COPY_PHASE_STRIP = NO;
				DEBUG_INFORMATION_FORMAT = dwarf;
				ENABLE_STRICT_OBJC_MSGSEND = YES;
				ENABLE_TESTABILITY = YES;
				GCC_C_LANGUAGE_STANDARD = gnu11;
				GCC_DYNAMIC_NO_PIC = NO;
				GCC_NO_COMMON_BLOCKS = YES;
				GCC_OPTIMIZATION_LEVEL = 0;
				GCC_PREPROCESSOR_DEFINITIONS = (
					"DEBUG=1",
					"$(inherited)",
				);
				GCC_WARN_64_TO_32_BIT_CONVERSION = YES;
				GCC_WARN_ABOUT_RETURN_TYPE = YES_ERROR;
				GCC_WARN_UNDECLARED_SELECTOR = YES;
				GCC_WARN_UNINITIALIZED_AUTOS = YES_AGGRESSIVE;
				GCC_WARN_UNUSED_FUNCTION = YES;
				GCC_WARN_UNUSED_VARIABLE = YES;
				IPHONEOS_DEPLOYMENT_TARGET = 14.3;
				MTL_ENABLE_DEBUG_INFO = INCLUDE_SOURCE;
				MTL_FAST_MATH = YES;
				ONLY_ACTIVE_ARCH = YES;
				SDKROOT = iphoneos;
				SWIFT_ACTIVE_COMPILATION_CONDITIONS = DEBUG;
				SWIFT_OPTIMIZATION_LEVEL = "-Onone";
			};
			name = Debug;
		};
		842A2FD12BD5C7510022640D /* Release */ = {
			isa = XCBuildConfiguration;
			buildSettings = {
				ALWAYS_SEARCH_USER_PATHS = NO;
				CLANG_ANALYZER_NONNULL = YES;
				CLANG_ANALYZER_NUMBER_OBJECT_CONVERSION = YES_AGGRESSIVE;
				CLANG_CXX_LANGUAGE_STANDARD = "gnu++14";
				CLANG_CXX_LIBRARY = "libc++";
				CLANG_ENABLE_MODULES = YES;
				CLANG_ENABLE_OBJC_ARC = YES;
				CLANG_ENABLE_OBJC_WEAK = YES;
				CLANG_WARN_BLOCK_CAPTURE_AUTORELEASING = YES;
				CLANG_WARN_BOOL_CONVERSION = YES;
				CLANG_WARN_COMMA = YES;
				CLANG_WARN_CONSTANT_CONVERSION = YES;
				CLANG_WARN_DEPRECATED_OBJC_IMPLEMENTATIONS = YES;
				CLANG_WARN_DIRECT_OBJC_ISA_USAGE = YES_ERROR;
				CLANG_WARN_DOCUMENTATION_COMMENTS = YES;
				CLANG_WARN_EMPTY_BODY = YES;
				CLANG_WARN_ENUM_CONVERSION = YES;
				CLANG_WARN_INFINITE_RECURSION = YES;
				CLANG_WARN_INT_CONVERSION = YES;
				CLANG_WARN_NON_LITERAL_NULL_CONVERSION = YES;
				CLANG_WARN_OBJC_IMPLICIT_RETAIN_SELF = YES;
				CLANG_WARN_OBJC_LITERAL_CONVERSION = YES;
				CLANG_WARN_OBJC_ROOT_CLASS = YES_ERROR;
				CLANG_WARN_QUOTED_INCLUDE_IN_FRAMEWORK_HEADER = YES;
				CLANG_WARN_RANGE_LOOP_ANALYSIS = YES;
				CLANG_WARN_STRICT_PROTOTYPES = YES;
				CLANG_WARN_SUSPICIOUS_MOVE = YES;
				CLANG_WARN_UNGUARDED_AVAILABILITY = YES_AGGRESSIVE;
				CLANG_WARN_UNREACHABLE_CODE = YES;
				CLANG_WARN__DUPLICATE_METHOD_MATCH = YES;
				COPY_PHASE_STRIP = NO;
				DEBUG_INFORMATION_FORMAT = "dwarf-with-dsym";
				ENABLE_NS_ASSERTIONS = NO;
				ENABLE_STRICT_OBJC_MSGSEND = YES;
				GCC_C_LANGUAGE_STANDARD = gnu11;
				GCC_NO_COMMON_BLOCKS = YES;
				GCC_WARN_64_TO_32_BIT_CONVERSION = YES;
				GCC_WARN_ABOUT_RETURN_TYPE = YES_ERROR;
				GCC_WARN_UNDECLARED_SELECTOR = YES;
				GCC_WARN_UNINITIALIZED_AUTOS = YES_AGGRESSIVE;
				GCC_WARN_UNUSED_FUNCTION = YES;
				GCC_WARN_UNUSED_VARIABLE = YES;
				IPHONEOS_DEPLOYMENT_TARGET = 14.3;
				MTL_ENABLE_DEBUG_INFO = NO;
				MTL_FAST_MATH = YES;
				SDKROOT = iphoneos;
				SWIFT_COMPILATION_MODE = wholemodule;
				SWIFT_OPTIMIZATION_LEVEL = "-O";
				VALIDATE_PRODUCT = YES;
			};
			name = Release;
		};
		842A2FD32BD5C7510022640D /* Debug */ = {
			isa = XCBuildConfiguration;
			buildSettings = {
				ASSETCATALOG_COMPILER_APPICON_NAME = AppIcon;
				ASSETCATALOG_COMPILER_GLOBAL_ACCENT_COLOR_NAME = AccentColor;
				CODE_SIGN_STYLE = Automatic;
				DEVELOPMENT_ASSET_PATHS = "\"SwiftUI-DynamicList/Preview Content\"";
				ENABLE_PREVIEWS = YES;
				INFOPLIST_FILE = "SwiftUI-DynamicList/Info.plist";
				IPHONEOS_DEPLOYMENT_TARGET = 14.0;
				LD_RUNPATH_SEARCH_PATHS = (
					"$(inherited)",
					"@executable_path/Frameworks",
				);
				PRODUCT_BUNDLE_IDENTIFIER = "com.bheema.SwiftUI-DynamicList";
				PRODUCT_NAME = "$(TARGET_NAME)";
				SWIFT_VERSION = 5.0;
				TARGETED_DEVICE_FAMILY = "1,2";
			};
			name = Debug;
		};
		842A2FD42BD5C7510022640D /* Release */ = {
			isa = XCBuildConfiguration;
			buildSettings = {
				ASSETCATALOG_COMPILER_APPICON_NAME = AppIcon;
				ASSETCATALOG_COMPILER_GLOBAL_ACCENT_COLOR_NAME = AccentColor;
				CODE_SIGN_STYLE = Automatic;
				DEVELOPMENT_ASSET_PATHS = "\"SwiftUI-DynamicList/Preview Content\"";
				ENABLE_PREVIEWS = YES;
				INFOPLIST_FILE = "SwiftUI-DynamicList/Info.plist";
				IPHONEOS_DEPLOYMENT_TARGET = 14.0;
				LD_RUNPATH_SEARCH_PATHS = (
					"$(inherited)",
					"@executable_path/Frameworks",
				);
				PRODUCT_BUNDLE_IDENTIFIER = "com.bheema.SwiftUI-DynamicList";
				PRODUCT_NAME = "$(TARGET_NAME)";
				SWIFT_VERSION = 5.0;
				TARGETED_DEVICE_FAMILY = "1,2";
			};
			name = Release;
		};
/* End XCBuildConfiguration section */

/* Begin XCConfigurationList section */
		842A2FBE2BD5C74C0022640D /* Build configuration list for PBXProject "SwiftUI-DynamicList" */ = {
			isa = XCConfigurationList;
			buildConfigurations = (
				842A2FD02BD5C7510022640D /* Debug */,
				842A2FD12BD5C7510022640D /* Release */,
			);
			defaultConfigurationIsVisible = 0;
			defaultConfigurationName = Release;
		};
		842A2FD22BD5C7510022640D /* Build configuration list for PBXNativeTarget "SwiftUI-DynamicList" */ = {
			isa = XCConfigurationList;
			buildConfigurations = (
				842A2FD32BD5C7510022640D /* Debug */,
				842A2FD42BD5C7510022640D /* Release */,
			);
			defaultConfigurationIsVisible = 0;
			defaultConfigurationName = Release;
		};
/* End XCConfigurationList section */
	};
	rootObject = 842A2FBB2BD5C74C0022640D /* Project object */;
}
